
Microsoft Visual Studio Solution File, Format Version 11.00
# Visual Studio 2010
Project("{8BC9CEB8-8B4A-11D0-8D11-00A0C91BC942}") = "tlib", "trainer_lib.vcxproj", "{2E2E2DF9-866B-47AC-A9C8-B08C3F615E0B}"
	ProjectSection(ProjectDependencies) = postProject
		{929444E0-FE12-4443-AC5C-ECA07B46A9F8} = {929444E0-FE12-4443-AC5C-ECA07B46A9F8}
		{83488CE8-95F5-4FE4-ACCD-D294EA3D02FC} = {83488CE8-95F5-4FE4-ACCD-D294EA3D02FC}
		{67DEE2EF-DCF5-4CB5-B043-70F5A1BB17EF} = {67DEE2EF-DCF5-4CB5-B043-70F5A1BB17EF}
	EndProjectSection
EndProject
Project("{8BC9CEB8-8B4A-11D0-8D11-00A0C91BC942}") = "glib", "..\glib\gen_lib.vcxproj", "{83488CE8-95F5-4FE4-ACCD-D294EA3D02FC}"
	ProjectSection(ProjectDependencies) = postProject
		{929444E0-FE12-4443-AC5C-ECA07B46A9F8} = {929444E0-FE12-4443-AC5C-ECA07B46A9F8}
	EndProjectSection
EndProject
Project("{8BC9CEB8-8B4A-11D0-8D11-00A0C91BC942}") = "ANT_Lib", "..\ant_2010\ANT_Windows_Library_Package_v3.0\ANT_LIB\ANT_Lib.vcxproj", "{929444E0-FE12-4443-AC5C-ECA07B46A9F8}"
EndProject
Global
	GlobalSection(SolutionConfigurationPlatforms) = preSolution
		debug_without_ant|Win32 = debug_without_ant|Win32
		Debug|Win32 = Debug|Win32
		Release|Win32 = Release|Win32
	EndGlobalSection
	GlobalSection(ProjectConfigurationPlatforms) = postSolution
		{2E2E2DF9-866B-47AC-A9C8-B08C3F615E0B}.debug_without_ant|Win32.ActiveCfg = debug_without_ant|Win32
		{2E2E2DF9-866B-47AC-A9C8-B08C3F615E0B}.debug_without_ant|Win32.Build.0 = debug_without_ant|Win32
		{2E2E2DF9-866B-47AC-A9C8-B08C3F615E0B}.Debug|Win32.ActiveCfg = Debug|Win32
		{2E2E2DF9-866B-47AC-A9C8-B08C3F615E0B}.Debug|Win32.Build.0 = Debug|Win32
		{2E2E2DF9-866B-47AC-A9C8-B08C3F615E0B}.Release|Win32.ActiveCfg = Release|Win32
		{2E2E2DF9-866B-47AC-A9C8-B08C3F615E0B}.Release|Win32.Build.0 = Release|Win32
		{83488CE8-95F5-4FE4-ACCD-D294EA3D02FC}.debug_without_ant|Win32.ActiveCfg = debug_without_ant|Win32
		{83488CE8-95F5-4FE4-ACCD-D294EA3D02FC}.debug_without_ant|Win32.Build.0 = debug_without_ant|Win32
		{83488CE8-95F5-4FE4-ACCD-D294EA3D02FC}.Debug|Win32.ActiveCfg = Debug|Win32
		{83488CE8-95F5-4FE4-ACCD-D294EA3D02FC}.Debug|Win32.Build.0 = Debug|Win32
		{83488CE8-95F5-4FE4-ACCD-D294EA3D02FC}.Release|Win32.ActiveCfg = Release|Win32
		{83488CE8-95F5-4FE4-ACCD-D294EA3D02FC}.Release|Win32.Build.0 = Release|Win32
		{929444E0-FE12-4443-AC5C-ECA07B46A9F8}.debug_without_ant|Win32.ActiveCfg = debug_without_ant|Win32
		{929444E0-FE12-4443-AC5C-ECA07B46A9F8}.debug_without_ant|Win32.Build.0 = debug_without_ant|Win32
		{929444E0-FE12-4443-AC5C-ECA07B46A9F8}.Debug|Win32.ActiveCfg = Debug|Win32
		{929444E0-FE12-4443-AC5C-ECA07B46A9F8}.Debug|Win32.Build.0 = Debug|Win32
		{929444E0-FE12-4443-AC5C-ECA07B46A9F8}.Release|Win32.ActiveCfg = Release|Win32
		{929444E0-FE12-4443-AC5C-ECA07B46A9F8}.Release|Win32.Build.0 = Release|Win32
		{67DEE2EF-DCF5-4CB5-B043-70F5A1BB17EF}.debug_without_ant|Win32.ActiveCfg = debug_without_ant|Win32
		{67DEE2EF-DCF5-4CB5-B043-70F5A1BB17EF}.debug_without_ant|Win32.Build.0 = debug_without_ant|Win32
		{67DEE2EF-DCF5-4CB5-B043-70F5A1BB17EF}.Debug|Win32.ActiveCfg = Debug|Win32
		{67DEE2EF-DCF5-4CB5-B043-70F5A1BB17EF}.Debug|Win32.Build.0 = Debug|Win32
		{67DEE2EF-DCF5-4CB5-B043-70F5A1BB17EF}.Release|Win32.ActiveCfg = Release|Win32
		{67DEE2EF-DCF5-4CB5-B043-70F5A1BB17EF}.Release|Win32.Build.0 = Release|Win32
	EndGlobalSection
	GlobalSection(SolutionProperties) = preSolution
		HideSolutionNode = FALSE
	EndGlobalSection
EndGlobal
